<?xml version="1.0" encoding="utf-8"?>
<Project ToolsVersion="4.0" xmlns="http://schemas.microsoft.com/developer/msbuild/2003">
  <ItemGroup>
    <Filter Include="资源文件">
      <UniqueIdentifier>{67DA6AB6-F800-4c08-8B7A-83BB121AAD01}</UniqueIdentifier>
      <Extensions>rc;ico;cur;bmp;dlg;rc2;rct;bin;rgs;gif;jpg;jpeg;jpe;resx;tiff;tif;png;wav;mfcribbon-ms</Extensions>
    </Filter>
    <Filter Include="Header">
      <UniqueIdentifier>{93995380-89BD-4b04-88EB-625FBE52EBFB}</UniqueIdentifier>
      <Extensions>h;hh;hpp;hxx;h++;hm;inl;inc;ipp;xsd</Extensions>
    </Filter>
    <Filter Include="Header\ImGUI">
      <UniqueIdentifier>{454b87f6-1a77-4e0b-84a0-7d160fcff86d}</UniqueIdentifier>
    </Filter>
    <Filter Include="Source">
      <UniqueIdentifier>{4FC737F1-C7A5-4376-A066-2A32D752A2FF}</UniqueIdentifier>
      <Extensions>cpp;c;cc;cxx;c++;cppm;ixx;def;odl;idl;hpj;bat;asm;asmx</Extensions>
    </Filter>
    <Filter Include="Source\Shader">
      <UniqueIdentifier>{82b17347-ba25-4ab3-bc57-3e594f8dedd2}</UniqueIdentifier>
    </Filter>
    <Filter Include="Source\ImGUI">
      <UniqueIdentifier>{a76c9db7-7501-4ce3-a2a0-86d8bbae4141}</UniqueIdentifier>
    </Filter>
    <Filter Include="Source\Scene">
      <UniqueIdentifier>{0bc24c8c-7b7a-474c-8b1c-f0685be4997e}</UniqueIdentifier>
    </Filter>
    <Filter Include="Header\Event">
      <UniqueIdentifier>{04daa4e1-df50-42a4-b2c9-634550a831ad}</UniqueIdentifier>
    </Filter>
    <Filter Include="Header\Window">
      <UniqueIdentifier>{31898091-fdd5-46cf-8c09-d0465a6e4059}</UniqueIdentifier>
    </Filter>
    <Filter Include="Header\Utils">
      <UniqueIdentifier>{78c4f747-9f06-45bf-b977-14184e439a9f}</UniqueIdentifier>
    </Filter>
    <Filter Include="Source\Window">
      <UniqueIdentifier>{14fabf5f-8a79-4691-af8c-e93bf4ab2da0}</UniqueIdentifier>
    </Filter>
    <Filter Include="Header\Layer">
      <UniqueIdentifier>{d21b3ebe-56b4-4f4e-8801-52eabe836793}</UniqueIdentifier>
    </Filter>
    <Filter Include="Source\Layer">
      <UniqueIdentifier>{5b5c6fc3-be81-4924-8c7d-94090e3c8dc5}</UniqueIdentifier>
    </Filter>
    <Filter Include="Header\Vulkan">
      <UniqueIdentifier>{600c34b8-2fa7-4d28-8bdb-3f56a0bab420}</UniqueIdentifier>
    </Filter>
    <Filter Include="Source\Vulkan">
      <UniqueIdentifier>{5cface14-04c9-481c-bbb7-0e03050cd9fc}</UniqueIdentifier>
    </Filter>
    <Filter Include="Source\Core">
      <UniqueIdentifier>{cca0386f-fd30-4865-983d-71a17da51c89}</UniqueIdentifier>
    </Filter>
    <Filter Include="Header\Core">
      <UniqueIdentifier>{e3f8a481-5219-4341-b064-74e30dcad7e9}</UniqueIdentifier>
    </Filter>
    <Filter Include="Source\Utils">
      <UniqueIdentifier>{70eb96dd-5ad3-46a6-a88e-d4cb31d04d4c}</UniqueIdentifier>
    </Filter>
    <Filter Include="Header\Scene">
      <UniqueIdentifier>{796aac14-8112-48c5-bdff-3c88c598ab56}</UniqueIdentifier>
    </Filter>
  </ItemGroup>
  <ItemGroup>
    <None Include="Shaders\compile.bat">
      <Filter>Source\Shader</Filter>
    </None>
    <None Include="Shaders\fragShader.glsl">
      <Filter>Source\Shader</Filter>
    </None>
    <None Include="Shaders\vertShader.glsl">
      <Filter>Source\Shader</Filter>
    </None>
    <None Include="Shaders\ComputeShader.comp">
      <Filter>Source\Shader</Filter>
    </None>
    <None Include="Shaders\ui.frag.spv">
      <Filter>Source\Shader</Filter>
    </None>
    <None Include="Shaders\ui.vert.spv">
      <Filter>Source\Shader</Filter>
    </None>
  </ItemGroup>
  <ItemGroup>
    <ClCompile Include="Source\VulkanBaseRenderer.cpp">
      <Filter>Source</Filter>
    </ClCompile>
    <ClCompile Include="Source\ModelFileLoader.cpp">
      <Filter>Source\Utils</Filter>
    </ClCompile>
    <ClCompile Include="Source\Camera.cpp">
      <Filter>Source\Scene</Filter>
    </ClCompile>
    <ClCompile Include="Source\Light.cpp">
      <Filter>Source\Scene</Filter>
    </ClCompile>
    <ClCompile Include="Source\Scene.cpp">
      <Filter>Source\Scene</Filter>
    </ClCompile>
    <ClCompile Include="Source\WindowsPlatform.cpp">
      <Filter>Source\Window</Filter>
    </ClCompile>
    <ClCompile Include="Source\Layer.cpp">
      <Filter>Source\Layer</Filter>
    </ClCompile>
    <ClCompile Include="Source\LayerStack.cpp">
      <Filter>Source\Layer</Filter>
    </ClCompile>
    <ClCompile Include="Source\ImGUILayer.cpp">
      <Filter>Source\Layer</Filter>
    </ClCompile>
    <ClCompile Include="Source\EntryPoint.cpp">
      <Filter>Source</Filter>
    </ClCompile>
    <ClCompile Include="Source\WindowsInput.cpp">
      <Filter>Source\Window</Filter>
    </ClCompile>
    <ClCompile Include="Source\Application.cpp">
      <Filter>Source\Core</Filter>
    </ClCompile>
    <ClCompile Include="Source\Log.cpp">
      <Filter>Source\Core</Filter>
    </ClCompile>
    <ClCompile Include="Source\Instance.cpp">
      <Filter>Source\Vulkan</Filter>
    </ClCompile>
    <ClCompile Include="Source\Device.cpp">
      <Filter>Source\Vulkan</Filter>
    </ClCompile>
    <ClCompile Include="Source\SwapChain.cpp">
      <Filter>Source\Vulkan</Filter>
    </ClCompile>
    <ClCompile Include="Source\BufferUtils.cpp">
      <Filter>Source\Vulkan</Filter>
    </ClCompile>
    <ClCompile Include="include\ImGUI\imgui.cpp">
      <Filter>Source\ImGUI</Filter>
    </ClCompile>
    <ClCompile Include="include\ImGUI\backends\imgui_impl_vulkan.cpp">
      <Filter>Source\ImGUI</Filter>
    </ClCompile>
    <ClCompile Include="include\ImGUI\imgui_demo.cpp">
      <Filter>Source\ImGUI</Filter>
    </ClCompile>
    <ClCompile Include="include\ImGUI\imgui_draw.cpp">
      <Filter>Source\ImGUI</Filter>
    </ClCompile>
    <ClCompile Include="include\ImGUI\imgui_tables.cpp">
      <Filter>Source\ImGUI</Filter>
    </ClCompile>
    <ClCompile Include="include\ImGUI\imgui_widgets.cpp">
      <Filter>Source\ImGUI</Filter>
    </ClCompile>
    <ClCompile Include="include\ImGUI\backends\imgui_impl_glfw.cpp">
      <Filter>Source\ImGUI</Filter>
    </ClCompile>
    <ClCompile Include="Source\Model.cpp">
      <Filter>Source\Vulkan</Filter>
    </ClCompile>
    <ClCompile Include="Source\Loader.cpp">
      <Filter>Source\Utils</Filter>
    </ClCompile>
    <ClCompile Include="Source\Texture.cpp">
      <Filter>Source\Vulkan</Filter>
    </ClCompile>
    <ClCompile Include="Source\Tools.cpp">
      <Filter>Source\Utils</Filter>
    </ClCompile>
    <ClCompile Include="Source\Materials.cpp">
      <Filter>Source\Scene</Filter>
    </ClCompile>
    <ClCompile Include="Source\Cube.cpp">
      <Filter>Source\Scene</Filter>
    </ClCompile>
    <ClCompile Include="Source\CameraController.cpp">
      <Filter>Source\Scene</Filter>
    </ClCompile>
    <ClCompile Include="Source\Timestep.cpp">
      <Filter>Source\Core</Filter>
    </ClCompile>
    <ClCompile Include="Source\Buffer.cpp">
      <Filter>Source\Vulkan</Filter>
    </ClCompile>
  </ItemGroup>
  <ItemGroup>
    <ClInclude Include="Source\Headers\RendererInclude.h">
      <Filter>Header</Filter>
    </ClInclude>
    <ClInclude Include="Source\Headers\Light.h">
      <Filter>Header</Filter>
    </ClInclude>
    <ClInclude Include="include\imgui.h">
      <Filter>Header\ImGUI</Filter>
    </ClInclude>
    <ClInclude Include="include\imgui_internal.h">
      <Filter>Header\ImGUI</Filter>
    </ClInclude>
    <ClInclude Include="include\backends\imgui_impl_glfw.h">
      <Filter>Header\ImGUI</Filter>
    </ClInclude>
    <ClInclude Include="include\backends\imgui_impl_vulkan.h">
      <Filter>Header\ImGUI</Filter>
    </ClInclude>
    <ClInclude Include="include\imconfig.h">
      <Filter>Header\ImGUI</Filter>
    </ClInclude>
    <ClInclude Include="Source\Headers\Event\ApplicationEvent.h">
      <Filter>Header\Event</Filter>
    </ClInclude>
    <ClInclude Include="Source\Headers\Event\KeyEvent.h">
      <Filter>Header\Event</Filter>
    </ClInclude>
    <ClInclude Include="Source\Headers\Event\MouseEvent.h">
      <Filter>Header\Event</Filter>
    </ClInclude>
    <ClInclude Include="Source\Headers\Window.h">
      <Filter>Header\Window</Filter>
    </ClInclude>
    <ClInclude Include="Source\Headers\WindowsPlatform.h">
      <Filter>Header\Window</Filter>
    </ClInclude>
    <ClInclude Include="Source\Headers\modelFileLoader.h">
      <Filter>Header\Utils</Filter>
    </ClInclude>
    <ClInclude Include="Source\Headers\Event\Event.h">
      <Filter>Header\Event</Filter>
    </ClInclude>
    <ClInclude Include="Source\Headers\Application.h">
      <Filter>Header\Window</Filter>
    </ClInclude>
    <ClInclude Include="Source\Headers\Layer.h">
      <Filter>Header\Layer</Filter>
    </ClInclude>
    <ClInclude Include="Source\Headers\LayerStack.h">
      <Filter>Header\Layer</Filter>
    </ClInclude>
    <ClInclude Include="Source\Headers\Camera.h">
      <Filter>Header\Scene</Filter>
    </ClInclude>
    <ClInclude Include="Source\Headers\Scene.h">
      <Filter>Header\Scene</Filter>
    </ClInclude>
    <ClInclude Include="Source\Headers\SceneStructs.h">
      <Filter>Header\Scene</Filter>
    </ClInclude>
    <ClInclude Include="Source\Headers\RenderApplication.h">
      <Filter>Header</Filter>
    </ClInclude>
    <ClInclude Include="Source\Headers\ImGUILayer.h">
      <Filter>Header\Layer</Filter>
    </ClInclude>
    <ClInclude Include="Source\Headers\Vulkan\VulkanBaseRenderer.h">
      <Filter>Header\Vulkan</Filter>
    </ClInclude>
    <ClInclude Include="Source\Headers\Log.h">
      <Filter>Header</Filter>
    </ClInclude>
    <ClInclude Include="Source\Headers\Keycodes.h">
      <Filter>Header\Event</Filter>
    </ClInclude>
    <ClInclude Include="Source\Headers\MouseButtonCodes.h">
      <Filter>Header\Event</Filter>
    </ClInclude>
    <ClInclude Include="Source\Headers\Vulkan\SwapChain.h">
      <Filter>Header\Vulkan</Filter>
    </ClInclude>
    <ClInclude Include="Source\Headers\Vulkan\BufferUtils.h">
      <Filter>Header\Vulkan</Filter>
    </ClInclude>
    <ClInclude Include="Source\Headers\Timestep.h">
      <Filter>Header\Core</Filter>
    </ClInclude>
    <ClInclude Include="Source\Headers\Core.h">
      <Filter>Header\Core</Filter>
    </ClInclude>
    <ClInclude Include="Source\Headers\Vulkan\Device.h">
      <Filter>Header\Vulkan</Filter>
    </ClInclude>
    <ClInclude Include="Source\Headers\Vulkan\QueueFlags.h">
      <Filter>Header\Vulkan</Filter>
    </ClInclude>
    <ClInclude Include="Source\Headers\Vulkan\ShaderModule.h">
      <Filter>Header\Vulkan</Filter>
    </ClInclude>
    <ClInclude Include="Source\Headers\Vulkan\Texture.h">
      <Filter>Header\Vulkan</Filter>
    </ClInclude>
    <ClInclude Include="Source\Headers\Vulkan\Instance.h">
      <Filter>Header\Vulkan</Filter>
    </ClInclude>
    <ClInclude Include="Source\Headers\Vulkan\RenderPass.h">
      <Filter>Header\Vulkan</Filter>
    </ClInclude>
    <ClInclude Include="Source\Headers\Vulkan\FrameBuffer.h">
      <Filter>Header\Vulkan</Filter>
    </ClInclude>
    <ClInclude Include="Source\Headers\Model.h">
      <Filter>Header\Scene</Filter>
    </ClInclude>
    <ClInclude Include="Source\Headers\Material.h">
      <Filter>Header\Scene</Filter>
    </ClInclude>
    <ClInclude Include="Source\Headers\Loader.h">
      <Filter>Header\Utils</Filter>
    </ClInclude>
    <ClInclude Include="Source\Headers\Tools.h">
      <Filter>Header\Utils</Filter>
    </ClInclude>
    <ClInclude Include="Source\Headers\Input.h">
      <Filter>Header\Event</Filter>
    </ClInclude>
    <ClInclude Include="Source\Headers\IncludeUtils.h">
      <Filter>Header\Utils</Filter>
    </ClInclude>
    <ClInclude Include="Source\Headers\WindowsInput.h">
      <Filter>Header\Window</Filter>
    </ClInclude>
    <ClInclude Include="Source\Headers\Vulkan\Initializer.hpp">
      <Filter>Header\Vulkan</Filter>
    </ClInclude>
    <ClInclude Include="Source\Headers\Cube.h">
      <Filter>Header\Scene</Filter>
    </ClInclude>
    <ClInclude Include="Source\Headers\ThreadPool.hpp">
      <Filter>Header\Utils</Filter>
    </ClInclude>
    <ClInclude Include="Source\Headers\CameraController.h">
      <Filter>Header\Scene</Filter>
    </ClInclude>
    <ClInclude Include="Source\Headers\Vulkan\Buffer.h">
      <Filter>Header\Vulkan</Filter>
    </ClInclude>
  </ItemGroup>
</Project>